
Microsoft Visual Studio Solution File, Format Version 12.00
# Visual Studio 15
VisualStudioVersion = 15.0.28010.2016
MinimumVisualStudioVersion = 10.0.40219.1
Project("{FAE04EC0-301F-11D3-BF4B-00C04F79EFBC}") = "ShoppingMall", "ShoppingMall\ShoppingMall.csproj", "{DCD397B6-3F42-47EE-B5C8-8832CE59A4C6}"
EndProject
Global
	GlobalSection(SolutionConfigurationPlatforms) = preSolution
		Debug|Any CPU = Debug|Any CPU
		Release|Any CPU = Release|Any CPU
	EndGlobalSection
	GlobalSection(ProjectConfigurationPlatforms) = postSolution
		{DCD397B6-3F42-47EE-B5C8-8832CE59A4C6}.Debug|Any CPU.ActiveCfg = Debug|Any CPU
		{DCD397B6-3F42-47EE-B5C8-8832CE59A4C6}.Debug|Any CPU.Build.0 = Debug|Any CPU
		{DCD397B6-3F42-47EE-B5C8-8832CE59A4C6}.Release|Any CPU.ActiveCfg = Release|Any CPU
		{DCD397B6-3F42-47EE-B5C8-8832CE59A4C6}.Release|Any CPU.Build.0 = Release|Any CPU
	EndGlobalSection
	GlobalSection(SolutionProperties) = preSolution
		HideSolutionNode = FALSE
	EndGlobalSection
	GlobalSection(ExtensibilityGlobals) = postSolution
		SolutionGuid = {163844C7-B765-45DB-9599-E977957BC06B}
	EndGlobalSection
EndGlobal
